Microsoft Visual Studio Solution File, Format Version 12.00
# Visual Studio Version 17
VisualStudioVersion = 17.5.2.0
MinimumVisualStudioVersion = 10.0.40219.1
Project("{FAE04EC0-301F-11D3-BF4B-00C04F79EFBC}") = "EmptyProject", "EmptyProject\EmptyProject.csproj", "{9DCEC528-7C16-43EB-AE33-981493471F66}"
EndProject
Global
	GlobalSection(SolutionConfigurationPlatforms) = preSolution
		Debug|Any CPU = Debug|Any CPU
		Release|Any CPU = Release|Any CPU
	EndGlobalSection
	GlobalSection(ProjectConfigurationPlatforms) = postSolution
		{9DCEC528-7C16-43EB-AE33-981493471F66}.Debug|Any CPU.ActiveCfg = Debug|Any CPU
		{9DCEC528-7C16-43EB-AE33-981493471F66}.Debug|Any CPU.Build.0 = Debug|Any CPU
		{9DCEC528-7C16-43EB-AE33-981493471F66}.Release|Any CPU.ActiveCfg = Release|Any CPU
		{9DCEC528-7C16-43EB-AE33-981493471F66}.Release|Any CPU.Build.0 = Release|Any CPU
	EndGlobalSection
	GlobalSection(SolutionProperties) = preSolution
		HideSolutionNode = FALSE
	EndGlobalSection
	GlobalSection(ExtensibilityGlobals) = postSolution
		SolutionGuid = {710969BF-56E1-42E3-847B-20E04B158B03}
	EndGlobalSection
EndGlobal
